PATH
  remote: /home/aaron/Projects/Personal/pluginaweek/state_machine
  specs:
    state_machine (1.2.0)

GEM
  remote: http://www.rubygems.org/
  specs:
    activemodel (3.0.5)
      activesupport (= 3.0.5)
      builder (~> 2.1.2)
      i18n (~> 0.4)
    activesupport (3.0.5)
    appraisal (0.4.1)
      bundler
      rake
    builder (2.1.2)
    i18n (0.6.1)
    multi_json (1.6.1)
    rake (10.0.3)
    simplecov (0.7.1)
      multi_json (~> 1.0)
      simplecov-html (~> 0.7.1)
    simplecov-html (0.7.1)

PLATFORMS
  java
  ruby

DEPENDENCIES
  activemodel (= 3.0.5)
  appraisal (~> 0.4.0)
  rake
  simplecov
  state_machine!
