PATH
  remote: /home/aaron/Projects/Personal/pluginaweek/state_machine
  specs:
    state_machine (1.2.0)

GEM
  remote: http://www.rubygems.org/
  specs:
    addressable (2.3.2)
    appraisal (0.4.1)
      bundler
      rake
    data_objects (0.9.4)
      addressable (>= 1.0.3)
      extlib (= 0.9.4)
      hoe (>= 1.7.0)
    diff-lcs (1.1.3)
    dm-core (0.9.4)
      addressable (>= 1.0.4)
      data_objects (= 0.9.4)
      extlib (= 0.9.4)
      rspec (>= 1.1.3)
    dm-migrations (0.9.4)
      dm-core (= 0.9.4)
      hoe (>= 1.7.0)
    dm-observer (0.9.4)
      dm-core (= 0.9.4)
      hoe (>= 1.7.0)
    dm-validations (0.9.4)
      dm-core (= 0.9.4)
      hoe (>= 1.7.0)
    do_sqlite3 (0.9.4)
      data_objects (= 0.9.4)
      hoe (>= 1.7.0)
    english (0.6.3)
      language
    extlib (0.9.4)
      english (>= 0.2.0)
    hoe (3.5.0)
      rake (>= 0.8, < 11.0)
    language (0.6.0)
    multi_json (1.6.1)
    rake (10.0.3)
    rspec (2.12.0)
      rspec-core (~> 2.12.0)
      rspec-expectations (~> 2.12.0)
      rspec-mocks (~> 2.12.0)
    rspec-core (2.12.2)
    rspec-expectations (2.12.1)
      diff-lcs (~> 1.1.3)
    rspec-mocks (2.12.2)
    simplecov (0.7.1)
      multi_json (~> 1.0)
      simplecov-html (~> 0.7.1)
    simplecov-html (0.7.1)

PLATFORMS
  ruby

DEPENDENCIES
  appraisal (~> 0.4.0)
  data_objects (= 0.9.4)
  dm-core (= 0.9.4)
  dm-migrations (= 0.9.4)
  dm-observer (= 0.9.4)
  dm-validations (= 0.9.4)
  do_sqlite3 (= 0.9.4)
  rake
  simplecov
  state_machine!
