PATH
  remote: /home/aaron/Projects/Vendor/state_machine
  specs:
    state_machine (1.1.2)

GEM
  remote: http://www.rubygems.org/
  specs:
    appraisal (0.4.0)
      bundler
      rake
    rake (0.9.2.2)
    rcov (0.9.11)
    rcov (0.9.11-java)

PLATFORMS
  java
  ruby

DEPENDENCIES
  appraisal (~> 0.4.0)
  rake
  rcov
  state_machine!
