PATH
  remote: ..
  specs:
    state_machine (1.2.0)

GEM
  remote: http://www.rubygems.org/
  specs:
    appraisal (0.5.1)
      bundler
      rake
    multi_json (1.0.4)
    power_assert (2.0.3)
    rake (0.9.2.2)
    simplecov (0.5.4)
      multi_json (~> 1.0.3)
      simplecov-html (~> 0.5.3)
    simplecov-html (0.5.3)
    test-unit (3.5.7)
      power_assert

PLATFORMS
  java
  ruby

DEPENDENCIES
  appraisal (~> 0.5.0)
  rake
  simplecov
  state_machine!
  test-unit

BUNDLED WITH
   2.4.1
