PATH
  remote: /home/aaron/Projects/Personal/pluginaweek/state_machine
  specs:
    state_machine (1.2.0)

GEM
  remote: http://www.rubygems.org/
  specs:
    appraisal (0.4.1)
      bundler
      rake
    multi_json (1.6.1)
    rake (10.0.3)
    ruby-graphviz (1.0.8)
    simplecov (0.7.1)
      multi_json (~> 1.0)
      simplecov-html (~> 0.7.1)
    simplecov-html (0.7.1)

PLATFORMS
  java
  ruby

DEPENDENCIES
  appraisal (~> 0.4.0)
  rake
  ruby-graphviz (= 1.0.8)
  simplecov
  state_machine!
