PATH
  remote: /home/aaron/Projects/Personal/pluginaweek/state_machine
  specs:
    state_machine (1.2.0)

GEM
  remote: http://www.rubygems.org/
  specs:
    activemodel (3.2.13.rc1)
      activesupport (= 3.2.13.rc1)
      builder (~> 3.0.0)
    activesupport (3.2.13.rc1)
      i18n (= 0.6.1)
      multi_json (~> 1.0)
    appraisal (0.4.1)
      bundler
      rake
    builder (3.0.4)
    i18n (0.6.1)
    mongoid (3.0.0)
      activemodel (~> 3.1)
      moped (~> 1.1.1)
      origin (~> 1.0.3)
      tzinfo (~> 0.3.22)
    moped (1.1.6)
    multi_json (1.6.1)
    origin (1.0.11)
    rake (10.0.3)
    simplecov (0.7.1)
      multi_json (~> 1.0)
      simplecov-html (~> 0.7.1)
    simplecov-html (0.7.1)
    tzinfo (0.3.35)

PLATFORMS
  java
  ruby

DEPENDENCIES
  activemodel (= 3.2.13.rc1)
  appraisal (~> 0.4.0)
  mongoid (= 3.0.0)
  rake
  simplecov
  state_machine!
