PATH
  remote: /home/aaron/Projects/Personal/pluginaweek/state_machine
  specs:
    state_machine (1.2.0)

GEM
  remote: http://www.rubygems.org/
  specs:
    appraisal (0.4.1)
      bundler
      rake
    jdbc-sqlite3 (3.7.2)
    multi_json (1.6.1)
    rake (10.0.3)
    sequel (2.8.0)
    simplecov (0.7.1)
      multi_json (~> 1.0)
      simplecov-html (~> 0.7.1)
    simplecov-html (0.7.1)
    sqlite3-ruby (1.3.1)

PLATFORMS
  java
  ruby

DEPENDENCIES
  appraisal (~> 0.4.0)
  jdbc-sqlite3 (= 3.7.2)
  rake
  sequel (= 2.8.0)
  simplecov
  sqlite3-ruby (= 1.3.1)
  state_machine!
